name: update-flake-lock

on:
  workflow_dispatch:
  schedule:
    - cron: "0 0 * * 1" # Mondays 09:00 JST

permissions:
  contents: write
  pull-requests: write

jobs:
  update:
    runs-on: ubuntu-latest
    steps:
      - uses: actions/checkout@v7
      - uses: DeterminateSystems/nix-installer-action@v23
      - uses: DeterminateSystems/update-flake-lock@v29
        with:
          commit-msg: "chore: update flake.lock"
          pr-title: "chore: update flake.lock"
          pr-labels: |
            dependencies
